
Microsoft Visual Studio Solution File, Format Version 12.00
# Visual Studio Version 17
VisualStudioVersion = 17.13.35825.156 d17.13
MinimumVisualStudioVersion = 10.0.40219.1
Project("{FAE04EC0-301F-11D3-BF4B-00C04F79EFBC}") = "WpfApp2P2D", "WpfApp2P2D.csproj", "{A8B8050D-AFCA-44B9-85C4-4F3B175C5F57}"
EndProject
Global
	GlobalSection(SolutionConfigurationPlatforms) = preSolution
		Debug|Any CPU = Debug|Any CPU
		Release|Any CPU = Release|Any CPU
	EndGlobalSection
	GlobalSection(ProjectConfigurationPlatforms) = postSolution
		{A8B8050D-AFCA-44B9-85C4-4F3B175C5F57}.Debug|Any CPU.ActiveCfg = Debug|Any CPU
		{A8B8050D-AFCA-44B9-85C4-4F3B175C5F57}.Debug|Any CPU.Build.0 = Debug|Any CPU
		{A8B8050D-AFCA-44B9-85C4-4F3B175C5F57}.Release|Any CPU.ActiveCfg = Release|Any CPU
		{A8B8050D-AFCA-44B9-85C4-4F3B175C5F57}.Release|Any CPU.Build.0 = Release|Any CPU
	EndGlobalSection
	GlobalSection(SolutionProperties) = preSolution
		HideSolutionNode = FALSE
	EndGlobalSection
	GlobalSection(ExtensibilityGlobals) = postSolution
		SolutionGuid = {5DD5A0C5-142A-47A5-99D8-7F82C43FB8D4}
	EndGlobalSection
EndGlobal
